// !$*UTF8*$!
{
	archiveVersion = 1;
	classes = {
	};
	objectVersion = 46;
	objects = {

/* Begin PBXBuildFile section */
		3FFC691D1E67764700F321C2 /* main.m in Sources */ = {isa = PBXBuildFile; fileRef = 3FFC691C1E67764700F321C2 /* main.m */; };
		3FFC69201E67764700F321C2 /* AppDelegate.m in Sources */ = {isa = PBXBuildFile; fileRef = 3FFC691F1E67764700F321C2 /* AppDelegate.m */; };
		3FFC69231E67764800F321C2 /* Every_do_it_again.xcdatamodeld in Sources */ = {isa = PBXBuildFile; fileRef = 3FFC69211E67764700F321C2 /* Every_do_it_again.xcdatamodeld */; };
		3FFC69261E67764800F321C2 /* MasterViewController.m in Sources */ = {isa = PBXBuildFile; fileRef = 3FFC69251E67764800F321C2 /* MasterViewController.m */; };
		3FFC69291E67764800F321C2 /* DetailViewController.m in Sources */ = {isa = PBXBuildFile; fileRef = 3FFC69281E67764800F321C2 /* DetailViewController.m */; };
		3FFC692C1E67764800F321C2 /* Main.storyboard in Resources */ = {isa = PBXBuildFile; fileRef = 3FFC692A1E67764800F321C2 /* Main.storyboard */; };
		3FFC692E1E67764800F321C2 /* Assets.xcassets in Resources */ = {isa = PBXBuildFile; fileRef = 3FFC692D1E67764800F321C2 /* Assets.xcassets */; };
		3FFC69311E67764800F321C2 /* LaunchScreen.storyboard in Resources */ = {isa = PBXBuildFile; fileRef = 3FFC692F1E67764800F321C2 /* LaunchScreen.storyboard */; };
/* End PBXBuildFile section */

/* Begin PBXFileReference section */
		3FFC69181E67764700F321C2 /* Every do it again.app */ = {isa = PBXFileReference; explicitFileType = wrapper.application; includeInIndex = 0; path = "Every do it again.app"; sourceTree = BUILT_PRODUCTS_DIR; };
		3FFC691C1E67764700F321C2 /* main.m */ = {isa = PBXFileReference; lastKnownFileType = sourcecode.c.objc; path = main.m; sourceTree = "<group>"; };
		3FFC691E1E67764700F321C2 /* AppDelegate.h */ = {isa = PBXFileReference; lastKnownFileType = sourcecode.c.h; path = AppDelegate.h; sourceTree = "<group>"; };
		3FFC691F1E67764700F321C2 /* AppDelegate.m */ = {isa = PBXFileReference; lastKnownFileType = sourcecode.c.objc; path = AppDelegate.m; sourceTree = "<group>"; };
		3FFC69221E67764800F321C2 /* Every_do_it_again.xcdatamodel */ = {isa = PBXFileReference; lastKnownFileType = wrapper.xcdatamodel; path = Every_do_it_again.xcdatamodel; sourceTree = "<group>"; };
		3FFC69241E67764800F321C2 /* MasterViewController.h */ = {isa = PBXFileReference; lastKnownFileType = sourcecode.c.h; path = MasterViewController.h; sourceTree = "<group>"; };
		3FFC69251E67764800F321C2 /* MasterViewController.m */ = {isa = PBXFileReference; lastKnownFileType = sourcecode.c.objc; path = MasterViewController.m; sourceTree = "<group>"; };
		3FFC69271E67764800F321C2 /* DetailViewController.h */ = {isa = PBXFileReference; lastKnownFileType = sourcecode.c.h; path = DetailViewController.h; sourceTree = "<group>"; };
		3FFC69281E67764800F321C2 /* DetailViewController.m */ = {isa = PBXFileReference; lastKnownFileType = sourcecode.c.objc; path = DetailViewController.m; sourceTree = "<group>"; };
		3FFC692B1E67764800F321C2 /* Base */ = {isa = PBXFileReference; lastKnownFileType = file.storyboard; name = Base; path = Base.lproj/Main.storyboard; sourceTree = "<group>"; };
		3FFC692D1E67764800F321C2 /* Assets.xcassets */ = {isa = PBXFileReference; lastKnownFileType = folder.assetcatalog; path = Assets.xcassets; sourceTree = "<group>"; };
		3FFC69301E67764800F321C2 /* Base */ = {isa = PBXFileReference; lastKnownFileType = file.storyboard; name = Base; path = Base.lproj/LaunchScreen.storyboard; sourceTree = "<group>"; };
		3FFC69321E67764800F321C2 /* Info.plist */ = {isa = PBXFileReference; lastKnownFileType = text.plist.xml; path = Info.plist; sourceTree = "<group>"; };
/* End PBXFileReference section */

/* Begin PBXFrameworksBuildPhase section */
		3FFC69151E67764700F321C2 /* Frameworks */ = {
			isa = PBXFrameworksBuildPhase;
			buildActionMask = 2147483647;
			files = (
			);
			runOnlyForDeploymentPostprocessing = 0;
		};
/* End PBXFrameworksBuildPhase section */

/* Begin PBXGroup section */
		3FFC690F1E67764700F321C2 = {
			isa = PBXGroup;
			children = (
				3FFC691A1E67764700F321C2 /* Every do it again */,
				3FFC69191E67764700F321C2 /* Products */,
			);
			sourceTree = "<group>";
		};
		3FFC69191E67764700F321C2 /* Products */ = {
			isa = PBXGroup;
			children = (
				3FFC69181E67764700F321C2 /* Every do it again.app */,
			);
			name = Products;
			sourceTree = "<group>";
		};
		3FFC691A1E67764700F321C2 /* Every do it again */ = {
			isa = PBXGroup;
			children = (
				3FFC691E1E67764700F321C2 /* AppDelegate.h */,
				3FFC691F1E67764700F321C2 /* AppDelegate.m */,
				3FFC69241E67764800F321C2 /* MasterViewController.h */,
				3FFC69251E67764800F321C2 /* MasterViewController.m */,
				3FFC69271E67764800F321C2 /* DetailViewController.h */,
				3FFC69281E67764800F321C2 /* DetailViewController.m */,
				3FFC692A1E67764800F321C2 /* Main.storyboard */,
				3FFC692D1E67764800F321C2 /* Assets.xcassets */,
				3FFC692F1E67764800F321C2 /* LaunchScreen.storyboard */,
				3FFC69321E67764800F321C2 /* Info.plist */,
				3FFC69211E67764700F321C2 /* Every_do_it_again.xcdatamodeld */,
				3FFC691B1E67764700F321C2 /* Supporting Files */,
			);
			path = "Every do it again";
			sourceTree = "<group>";
		};
		3FFC691B1E67764700F321C2 /* Supporting Files */ = {
			isa = PBXGroup;
			children = (
				3FFC691C1E67764700F321C2 /* main.m */,
			);
			name = "Supporting Files";
			sourceTree = "<group>";
		};
/* End PBXGroup section */

/* Begin PBXNativeTarget section */
		3FFC69171E67764700F321C2 /* Every do it again */ = {
			isa = PBXNativeTarget;
			buildConfigurationList = 3FFC69351E67764800F321C2 /* Build configuration list for PBXNativeTarget "Every do it again" */;
			buildPhases = (
				3FFC69141E67764700F321C2 /* Sources */,
				3FFC69151E67764700F321C2 /* Frameworks */,
				3FFC69161E67764700F321C2 /* Resources */,
			);
			buildRules = (
			);
			dependencies = (
			);
			name = "Every do it again";
			productName = "Every do it again";
			productReference = 3FFC69181E67764700F321C2 /* Every do it again.app */;
			productType = "com.apple.product-type.application";
		};
/* End PBXNativeTarget section */

/* Begin PBXProject section */
		3FFC69101E67764700F321C2 /* Project object */ = {
			isa = PBXProject;
			attributes = {
				LastUpgradeCheck = 0810;
				ORGANIZATIONNAME = "Callum Davies";
				TargetAttributes = {
					3FFC69171E67764700F321C2 = {
						CreatedOnToolsVersion = 8.1;
						ProvisioningStyle = Automatic;
					};
				};
			};
			buildConfigurationList = 3FFC69131E67764700F321C2 /* Build configuration list for PBXProject "Every do it again" */;
			compatibilityVersion = "Xcode 3.2";
			developmentRegion = English;
			hasScannedForEncodings = 0;
			knownRegions = (
				en,
				Base,
			);
			mainGroup = 3FFC690F1E67764700F321C2;
			productRefGroup = 3FFC69191E67764700F321C2 /* Products */;
			projectDirPath = "";
			projectRoot = "";
			targets = (
				3FFC69171E67764700F321C2 /* Every do it again */,
			);
		};
/* End PBXProject section */

/* Begin PBXResourcesBuildPhase section */
		3FFC69161E67764700F321C2 /* Resources */ = {
			isa = PBXResourcesBuildPhase;
			buildActionMask = 2147483647;
			files = (
				3FFC69311E67764800F321C2 /* LaunchScreen.storyboard in Resources */,
				3FFC692E1E67764800F321C2 /* Assets.xcassets in Resources */,
				3FFC692C1E67764800F321C2 /* Main.storyboard in Resources */,
			);
			runOnlyForDeploymentPostprocessing = 0;
		};
/* End PBXResourcesBuildPhase section */

/* Begin PBXSourcesBuildPhase section */
		3FFC69141E67764700F321C2 /* Sources */ = {
			isa = PBXSourcesBuildPhase;
			buildActionMask = 2147483647;
			files = (
				3FFC69291E67764800F321C2 /* DetailViewController.m in Sources */,
				3FFC69261E67764800F321C2 /* MasterViewController.m in Sources */,
				3FFC69231E67764800F321C2 /* Every_do_it_again.xcdatamodeld in Sources */,
				3FFC69201E67764700F321C2 /* AppDelegate.m in Sources */,
				3FFC691D1E67764700F321C2 /* main.m in Sources */,
			);
			runOnlyForDeploymentPostprocessing = 0;
		};
/* End PBXSourcesBuildPhase section */

/* Begin PBXVariantGroup section */
		3FFC692A1E67764800F321C2 /* Main.storyboard */ = {
			isa = PBXVariantGroup;
			children = (
				3FFC692B1E67764800F321C2 /* Base */,
			);
			name = Main.storyboard;
			sourceTree = "<group>";
		};
		3FFC692F1E67764800F321C2 /* LaunchScreen.storyboard */ = {
			isa = PBXVariantGroup;
			children = (
				3FFC69301E67764800F321C2 /* Base */,
			);
			name = LaunchScreen.storyboard;
			sourceTree = "<group>";
		};
/* End PBXVariantGroup section */

/* Begin XCBuildConfiguration section */
		3FFC69331E67764800F321C2 /* Debug */ = {
			isa = XCBuildConfiguration;
			buildSettings = {
				ALWAYS_SEARCH_USER_PATHS = NO;
				CLANG_ANALYZER_NONNULL = YES;
				CLANG_CXX_LANGUAGE_STANDARD = "gnu++0x";
				CLANG_CXX_LIBRARY = "libc++";
				CLANG_ENABLE_MODULES = YES;
				CLANG_ENABLE_OBJC_ARC = YES;
				CLANG_WARN_BOOL_CONVERSION = YES;
				CLANG_WARN_CONSTANT_CONVERSION = YES;
				CLANG_WARN_DIRECT_OBJC_ISA_USAGE = YES_ERROR;
				CLANG_WARN_DOCUMENTATION_COMMENTS = YES;
				CLANG_WARN_EMPTY_BODY = YES;
				CLANG_WARN_ENUM_CONVERSION = YES;
				CLANG_WARN_INFINITE_RECURSION = YES;
				CLANG_WARN_INT_CONVERSION = YES;
				CLANG_WARN_OBJC_ROOT_CLASS = YES_ERROR;
				CLANG_WARN_SUSPICIOUS_MOVES = YES;
				CLANG_WARN_UNREACHABLE_CODE = YES;
				CLANG_WARN__DUPLICATE_METHOD_MATCH = YES;
				"CODE_SIGN_IDENTITY[sdk=iphoneos*]" = "iPhone Developer";
				COPY_PHASE_STRIP = NO;
				DEBUG_INFORMATION_FORMAT = dwarf;
				ENABLE_STRICT_OBJC_MSGSEND = YES;
				ENABLE_TESTABILITY = YES;
				GCC_C_LANGUAGE_STANDARD = gnu99;
				GCC_DYNAMIC_NO_PIC = NO;
				GCC_NO_COMMON_BLOCKS = YES;
				GCC_OPTIMIZATION_LEVEL = 0;
				GCC_PREPROCESSOR_DEFINITIONS = (
					"DEBUG=1",
					"$(inherited)",
				);
				GCC_WARN_64_TO_32_BIT_CONVERSION = YES;
				GCC_WARN_ABOUT_RETURN_TYPE = YES_ERROR;
				GCC_WARN_UNDECLARED_SELECTOR = YES;
				GCC_WARN_UNINITIALIZED_AUTOS = YES_AGGRESSIVE;
				GCC_WARN_UNUSED_FUNCTION = YES;
				GCC_WARN_UNUSED_VARIABLE = YES;
				IPHONEOS_DEPLOYMENT_TARGET = 10.1;
				MTL_ENABLE_DEBUG_INFO = YES;
				ONLY_ACTIVE_ARCH = YES;
				SDKROOT = iphoneos;
			};
			name = Debug;
		};
		3FFC69341E67764800F321C2 /* Release */ = {
			isa = XCBuildConfiguration;
			buildSettings = {
				ALWAYS_SEARCH_USER_PATHS = NO;
				CLANG_ANALYZER_NONNULL = YES;
				CLANG_CXX_LANGUAGE_STANDARD = "gnu++0x";
				CLANG_CXX_LIBRARY = "libc++";
				CLANG_ENABLE_MODULES = YES;
				CLANG_ENABLE_OBJC_ARC = YES;
				CLANG_WARN_BOOL_CONVERSION = YES;
				CLANG_WARN_CONSTANT_CONVERSION = YES;
				CLANG_WARN_DIRECT_OBJC_ISA_USAGE = YES_ERROR;
				CLANG_WARN_DOCUMENTATION_COMMENTS = YES;
				CLANG_WARN_EMPTY_BODY = YES;
				CLANG_WARN_ENUM_CONVERSION = YES;
				CLANG_WARN_INFINITE_RECURSION = YES;
				CLANG_WARN_INT_CONVERSION = YES;
				CLANG_WARN_OBJC_ROOT_CLASS = YES_ERROR;
				CLANG_WARN_SUSPICIOUS_MOVES = YES;
				CLANG_WARN_UNREACHABLE_CODE = YES;
				CLANG_WARN__DUPLICATE_METHOD_MATCH = YES;
				"CODE_SIGN_IDENTITY[sdk=iphoneos*]" = "iPhone Developer";
				COPY_PHASE_STRIP = NO;
				DEBUG_INFORMATION_FORMAT = "dwarf-with-dsym";
				ENABLE_NS_ASSERTIONS = NO;
				ENABLE_STRICT_OBJC_MSGSEND = YES;
				GCC_C_LANGUAGE_STANDARD = gnu99;
				GCC_NO_COMMON_BLOCKS = YES;
				GCC_WARN_64_TO_32_BIT_CONVERSION = YES;
				GCC_WARN_ABOUT_RETURN_TYPE = YES_ERROR;
				GCC_WARN_UNDECLARED_SELECTOR = YES;
				GCC_WARN_UNINITIALIZED_AUTOS = YES_AGGRESSIVE;
				GCC_WARN_UNUSED_FUNCTION = YES;
				GCC_WARN_UNUSED_VARIABLE = YES;
				IPHONEOS_DEPLOYMENT_TARGET = 10.1;
				MTL_ENABLE_DEBUG_INFO = NO;
				SDKROOT = iphoneos;
				VALIDATE_PRODUCT = YES;
			};
			name = Release;
		};
		3FFC69361E67764800F321C2 /* Debug */ = {
			isa = XCBuildConfiguration;
			buildSettings = {
				ASSETCATALOG_COMPILER_APPICON_NAME = AppIcon;
				INFOPLIST_FILE = "Every do it again/Info.plist";
				LD_RUNPATH_SEARCH_PATHS = "$(inherited) @executable_path/Frameworks";
				PRODUCT_BUNDLE_IDENTIFIER = "caldavies.Every-do-it-again";
				PRODUCT_NAME = "$(TARGET_NAME)";
			};
			name = Debug;
		};
		3FFC69371E67764800F321C2 /* Release */ = {
			isa = XCBuildConfiguration;
			buildSettings = {
				ASSETCATALOG_COMPILER_APPICON_NAME = AppIcon;
				INFOPLIST_FILE = "Every do it again/Info.plist";
				LD_RUNPATH_SEARCH_PATHS = "$(inherited) @executable_path/Frameworks";
				PRODUCT_BUNDLE_IDENTIFIER = "caldavies.Every-do-it-again";
				PRODUCT_NAME = "$(TARGET_NAME)";
			};
			name = Release;
		};
/* End XCBuildConfiguration section */

/* Begin XCConfigurationList section */
		3FFC69131E67764700F321C2 /* Build configuration list for PBXProject "Every do it again" */ = {
			isa = XCConfigurationList;
			buildConfigurations = (
				3FFC69331E67764800F321C2 /* Debug */,
				3FFC69341E67764800F321C2 /* Release */,
			);
			defaultConfigurationIsVisible = 0;
			defaultConfigurationName = Release;
		};
		3FFC69351E67764800F321C2 /* Build configuration list for PBXNativeTarget "Every do it again" */ = {
			isa = XCConfigurationList;
			buildConfigurations = (
				3FFC69361E67764800F321C2 /* Debug */,
				3FFC69371E67764800F321C2 /* Release */,
			);
			defaultConfigurationIsVisible = 0;
		};
/* End XCConfigurationList section */

/* Begin XCVersionGroup section */
		3FFC69211E67764700F321C2 /* Every_do_it_again.xcdatamodeld */ = {
			isa = XCVersionGroup;
			children = (
				3FFC69221E67764800F321C2 /* Every_do_it_again.xcdatamodel */,
			);
			currentVersion = 3FFC69221E67764800F321C2 /* Every_do_it_again.xcdatamodel */;
			path = Every_do_it_again.xcdatamodeld;
			sourceTree = "<group>";
			versionGroupType = wrapper.xcdatamodel;
		};
/* End XCVersionGroup section */
	};
	rootObject = 3FFC69101E67764700F321C2 /* Project object */;
}
